
Microsoft Visual Studio Solution File, Format Version 12.00
# Visual Studio Version 17
VisualStudioVersion = 17.5.33530.505
MinimumVisualStudioVersion = 10.0.40219.1
Project("{8BC9CEB8-8B4A-11D0-8D11-00A0C91BC942}") = "Chaos Game", "Chaos Game.vcxproj", "{0DCFFE54-8026-44E0-BF7C-5DFD5C2AC4E8}"
EndProject
Global
	GlobalSection(SolutionConfigurationPlatforms) = preSolution
		Debug|x64 = Debug|x64
		Debug|x86 = Debug|x86
		Release|x64 = Release|x64
		Release|x86 = Release|x86
	EndGlobalSection
	GlobalSection(ProjectConfigurationPlatforms) = postSolution
		{0DCFFE54-8026-44E0-BF7C-5DFD5C2AC4E8}.Debug|x64.ActiveCfg = Debug|x64
		{0DCFFE54-8026-44E0-BF7C-5DFD5C2AC4E8}.Debug|x64.Build.0 = Debug|x64
		{0DCFFE54-8026-44E0-BF7C-5DFD5C2AC4E8}.Debug|x86.ActiveCfg = Debug|Win32
		{0DCFFE54-8026-44E0-BF7C-5DFD5C2AC4E8}.Debug|x86.Build.0 = Debug|Win32
		{0DCFFE54-8026-44E0-BF7C-5DFD5C2AC4E8}.Release|x64.ActiveCfg = Release|x64
		{0DCFFE54-8026-44E0-BF7C-5DFD5C2AC4E8}.Release|x64.Build.0 = Release|x64
		{0DCFFE54-8026-44E0-BF7C-5DFD5C2AC4E8}.Release|x86.ActiveCfg = Release|Win32
		{0DCFFE54-8026-44E0-BF7C-5DFD5C2AC4E8}.Release|x86.Build.0 = Release|Win32
	EndGlobalSection
	GlobalSection(SolutionProperties) = preSolution
		HideSolutionNode = FALSE
	EndGlobalSection
	GlobalSection(ExtensibilityGlobals) = postSolution
		SolutionGuid = {B5F2C285-05D5-48DA-88FE-5E0B73655A5D}
	EndGlobalSection
EndGlobal
